// !$*UTF8*$!
{
	archiveVersion = 1;
	classes = {
	};
	objectVersion = 51;
	objects = {

/* Begin PBXBuildFile section */
		BA98369F67AD3BB8B92E2629 /* Pods_Roomy.framework in Frameworks */ = {isa = PBXBuildFile; fileRef = C37C1F95CC54E7BAEB219457 /* Pods_Roomy.framework */; };
		CE0C6786244AF99B00573C03 /* SignInResponse.swift in Sources */ = {isa = PBXBuildFile; fileRef = CE0C6785244AF99B00573C03 /* SignInResponse.swift */; };
		CE115946244E33A900A831E5 /* UIViewController+Extensions.swift in Sources */ = {isa = PBXBuildFile; fileRef = CE115945244E33A900A831E5 /* UIViewController+Extensions.swift */; };
		CE115948244E348B00A831E5 /* UITextField+Extensions.swift in Sources */ = {isa = PBXBuildFile; fileRef = CE115947244E348B00A831E5 /* UITextField+Extensions.swift */; };
		CE11594A244E3C5D00A831E5 /* AppManager.swift in Sources */ = {isa = PBXBuildFile; fileRef = CE115949244E3C5D00A831E5 /* AppManager.swift */; };
		CE1AFA462415C3F300A43465 /* RoundedButton.swift in Sources */ = {isa = PBXBuildFile; fileRef = CE1AFA452415C3F300A43465 /* RoundedButton.swift */; };
		CE2706362415AAA200BC03BE /* AppDelegate.swift in Sources */ = {isa = PBXBuildFile; fileRef = CE2706352415AAA200BC03BE /* AppDelegate.swift */; };
		CE27063A2415AAA200BC03BE /* LoginController.swift in Sources */ = {isa = PBXBuildFile; fileRef = CE2706392415AAA200BC03BE /* LoginController.swift */; };
		CE27063D2415AAA200BC03BE /* Main.storyboard in Resources */ = {isa = PBXBuildFile; fileRef = CE27063B2415AAA200BC03BE /* Main.storyboard */; };
		CE27063F2415AAA300BC03BE /* Assets.xcassets in Resources */ = {isa = PBXBuildFile; fileRef = CE27063E2415AAA300BC03BE /* Assets.xcassets */; };
		CE2706422415AAA300BC03BE /* LaunchScreen.storyboard in Resources */ = {isa = PBXBuildFile; fileRef = CE2706402415AAA300BC03BE /* LaunchScreen.storyboard */; };
		CE51DBB224170CE5002BE76F /* Noe-Display-Bold.ttf in Resources */ = {isa = PBXBuildFile; fileRef = CE51DBB124170CE5002BE76F /* Noe-Display-Bold.ttf */; };
		CE51DBB424170EE0002BE76F /* Calibre-Light.ttf in Resources */ = {isa = PBXBuildFile; fileRef = CE51DBB324170EE0002BE76F /* Calibre-Light.ttf */; };
		CE51DBB624170F16002BE76F /* Calibre-Regular.otf in Resources */ = {isa = PBXBuildFile; fileRef = CE51DBB524170F16002BE76F /* Calibre-Regular.otf */; };
		CE51DBB824170F2C002BE76F /* CalibreMedium.otf in Resources */ = {isa = PBXBuildFile; fileRef = CE51DBB724170F2C002BE76F /* CalibreMedium.otf */; };
		CE6B5EE2244011A70062DFC3 /* RoomyAPI.swift in Sources */ = {isa = PBXBuildFile; fileRef = CE6B5EE1244011A70062DFC3 /* RoomyAPI.swift */; };
		CE955FD52443A7A10047734B /* Room.swift in Sources */ = {isa = PBXBuildFile; fileRef = CE955FD42443A7A10047734B /* Room.swift */; };
		CED66CEB244F711A005572EE /* RoomCell.swift in Sources */ = {isa = PBXBuildFile; fileRef = CED66CE9244F711A005572EE /* RoomCell.swift */; };
		CED66CEC244F711A005572EE /* RoomCell.xib in Resources */ = {isa = PBXBuildFile; fileRef = CED66CEA244F711A005572EE /* RoomCell.xib */; };
		CED66CF0245219BE005572EE /* RoomsController.swift in Sources */ = {isa = PBXBuildFile; fileRef = CED66CEF245219BE005572EE /* RoomsController.swift */; };
		CED66CF22463BB58005572EE /* SignupController.swift in Sources */ = {isa = PBXBuildFile; fileRef = CED66CF12463BB58005572EE /* SignupController.swift */; };
		CED66CF4246606C6005572EE /* RoomDetailsViewController.swift in Sources */ = {isa = PBXBuildFile; fileRef = CED66CF3246606C6005572EE /* RoomDetailsViewController.swift */; };
		CED66CF72466275E005572EE /* RealManager.swift in Sources */ = {isa = PBXBuildFile; fileRef = CED66CF62466275E005572EE /* RealManager.swift */; };
/* End PBXBuildFile section */

/* Begin PBXFileReference section */
		4135460F21F0C19F50C15FA4 /* Pods-Roomy.debug.xcconfig */ = {isa = PBXFileReference; includeInIndex = 1; lastKnownFileType = text.xcconfig; name = "Pods-Roomy.debug.xcconfig"; path = "Target Support Files/Pods-Roomy/Pods-Roomy.debug.xcconfig"; sourceTree = "<group>"; };
		AFDEB8856EE7A3A443BD7E9C /* Pods-Roomy.release.xcconfig */ = {isa = PBXFileReference; includeInIndex = 1; lastKnownFileType = text.xcconfig; name = "Pods-Roomy.release.xcconfig"; path = "Target Support Files/Pods-Roomy/Pods-Roomy.release.xcconfig"; sourceTree = "<group>"; };
		C37C1F95CC54E7BAEB219457 /* Pods_Roomy.framework */ = {isa = PBXFileReference; explicitFileType = wrapper.framework; includeInIndex = 0; path = Pods_Roomy.framework; sourceTree = BUILT_PRODUCTS_DIR; };
		CE0C6785244AF99B00573C03 /* SignInResponse.swift */ = {isa = PBXFileReference; lastKnownFileType = sourcecode.swift; path = SignInResponse.swift; sourceTree = "<group>"; };
		CE115945244E33A900A831E5 /* UIViewController+Extensions.swift */ = {isa = PBXFileReference; lastKnownFileType = sourcecode.swift; path = "UIViewController+Extensions.swift"; sourceTree = "<group>"; };
		CE115947244E348B00A831E5 /* UITextField+Extensions.swift */ = {isa = PBXFileReference; lastKnownFileType = sourcecode.swift; path = "UITextField+Extensions.swift"; sourceTree = "<group>"; };
		CE115949244E3C5D00A831E5 /* AppManager.swift */ = {isa = PBXFileReference; lastKnownFileType = sourcecode.swift; path = AppManager.swift; sourceTree = "<group>"; };
		CE1AFA452415C3F300A43465 /* RoundedButton.swift */ = {isa = PBXFileReference; lastKnownFileType = sourcecode.swift; path = RoundedButton.swift; sourceTree = "<group>"; };
		CE2706322415AAA200BC03BE /* Roomy.app */ = {isa = PBXFileReference; explicitFileType = wrapper.application; includeInIndex = 0; path = Roomy.app; sourceTree = BUILT_PRODUCTS_DIR; };
		CE2706352415AAA200BC03BE /* AppDelegate.swift */ = {isa = PBXFileReference; lastKnownFileType = sourcecode.swift; path = AppDelegate.swift; sourceTree = "<group>"; };
		CE2706392415AAA200BC03BE /* LoginController.swift */ = {isa = PBXFileReference; lastKnownFileType = sourcecode.swift; path = LoginController.swift; sourceTree = "<group>"; };
		CE27063C2415AAA200BC03BE /* Base */ = {isa = PBXFileReference; lastKnownFileType = file.storyboard; name = Base; path = Base.lproj/Main.storyboard; sourceTree = "<group>"; };
		CE27063E2415AAA300BC03BE /* Assets.xcassets */ = {isa = PBXFileReference; lastKnownFileType = folder.assetcatalog; path = Assets.xcassets; sourceTree = "<group>"; };
		CE2706412415AAA300BC03BE /* Base */ = {isa = PBXFileReference; lastKnownFileType = file.storyboard; name = Base; path = Base.lproj/LaunchScreen.storyboard; sourceTree = "<group>"; };
		CE2706432415AAA300BC03BE /* Info.plist */ = {isa = PBXFileReference; lastKnownFileType = text.plist.xml; path = Info.plist; sourceTree = "<group>"; };
		CE51DBB124170CE5002BE76F /* Noe-Display-Bold.ttf */ = {isa = PBXFileReference; lastKnownFileType = file; path = "Noe-Display-Bold.ttf"; sourceTree = "<group>"; };
		CE51DBB324170EE0002BE76F /* Calibre-Light.ttf */ = {isa = PBXFileReference; lastKnownFileType = file; path = "Calibre-Light.ttf"; sourceTree = "<group>"; };
		CE51DBB524170F16002BE76F /* Calibre-Regular.otf */ = {isa = PBXFileReference; lastKnownFileType = file; path = "Calibre-Regular.otf"; sourceTree = "<group>"; };
		CE51DBB724170F2C002BE76F /* CalibreMedium.otf */ = {isa = PBXFileReference; lastKnownFileType = file; path = CalibreMedium.otf; sourceTree = "<group>"; };
		CE6B5EE1244011A70062DFC3 /* RoomyAPI.swift */ = {isa = PBXFileReference; lastKnownFileType = sourcecode.swift; path = RoomyAPI.swift; sourceTree = "<group>"; };
		CE955FD42443A7A10047734B /* Room.swift */ = {isa = PBXFileReference; lastKnownFileType = sourcecode.swift; path = Room.swift; sourceTree = "<group>"; };
		CED66CE9244F711A005572EE /* RoomCell.swift */ = {isa = PBXFileReference; lastKnownFileType = sourcecode.swift; path = RoomCell.swift; sourceTree = "<group>"; };
		CED66CEA244F711A005572EE /* RoomCell.xib */ = {isa = PBXFileReference; lastKnownFileType = file.xib; path = RoomCell.xib; sourceTree = "<group>"; };
		CED66CEF245219BE005572EE /* RoomsController.swift */ = {isa = PBXFileReference; lastKnownFileType = sourcecode.swift; path = RoomsController.swift; sourceTree = "<group>"; };
		CED66CF12463BB58005572EE /* SignupController.swift */ = {isa = PBXFileReference; lastKnownFileType = sourcecode.swift; path = SignupController.swift; sourceTree = "<group>"; };
		CED66CF3246606C6005572EE /* RoomDetailsViewController.swift */ = {isa = PBXFileReference; lastKnownFileType = sourcecode.swift; path = RoomDetailsViewController.swift; sourceTree = "<group>"; };
		CED66CF62466275E005572EE /* RealManager.swift */ = {isa = PBXFileReference; lastKnownFileType = sourcecode.swift; path = RealManager.swift; sourceTree = "<group>"; };
/* End PBXFileReference section */

/* Begin PBXFrameworksBuildPhase section */
		CE27062F2415AAA200BC03BE /* Frameworks */ = {
			isa = PBXFrameworksBuildPhase;
			buildActionMask = 2147483647;
			files = (
				BA98369F67AD3BB8B92E2629 /* Pods_Roomy.framework in Frameworks */,
			);
			runOnlyForDeploymentPostprocessing = 0;
		};
/* End PBXFrameworksBuildPhase section */

/* Begin PBXGroup section */
		31AA896990E07F8018ACEAD0 /* Pods */ = {
			isa = PBXGroup;
			children = (
				4135460F21F0C19F50C15FA4 /* Pods-Roomy.debug.xcconfig */,
				AFDEB8856EE7A3A443BD7E9C /* Pods-Roomy.release.xcconfig */,
			);
			path = Pods;
			sourceTree = "<group>";
		};
		B9E08FCAC302C06B0B589948 /* Frameworks */ = {
			isa = PBXGroup;
			children = (
				C37C1F95CC54E7BAEB219457 /* Pods_Roomy.framework */,
			);
			name = Frameworks;
			sourceTree = "<group>";
		};
		CE0C6784244AF97B00573C03 /* Network Response */ = {
			isa = PBXGroup;
			children = (
				CE0C6785244AF99B00573C03 /* SignInResponse.swift */,
				CE955FD42443A7A10047734B /* Room.swift */,
			);
			path = "Network Response";
			sourceTree = "<group>";
		};
		CE115943244E334E00A831E5 /* Utilities */ = {
			isa = PBXGroup;
			children = (
				CE115944244E335600A831E5 /* Extensions */,
				CE115949244E3C5D00A831E5 /* AppManager.swift */,
			);
			path = Utilities;
			sourceTree = "<group>";
		};
		CE115944244E335600A831E5 /* Extensions */ = {
			isa = PBXGroup;
			children = (
				CE115945244E33A900A831E5 /* UIViewController+Extensions.swift */,
				CE115947244E348B00A831E5 /* UITextField+Extensions.swift */,
			);
			path = Extensions;
			sourceTree = "<group>";
		};
		CE2706292415AAA200BC03BE = {
			isa = PBXGroup;
			children = (
				CE2706342415AAA200BC03BE /* Roomy */,
				CE2706332415AAA200BC03BE /* Products */,
				31AA896990E07F8018ACEAD0 /* Pods */,
				B9E08FCAC302C06B0B589948 /* Frameworks */,
			);
			sourceTree = "<group>";
		};
		CE2706332415AAA200BC03BE /* Products */ = {
			isa = PBXGroup;
			children = (
				CE2706322415AAA200BC03BE /* Roomy.app */,
			);
			name = Products;
			sourceTree = "<group>";
		};
		CE2706342415AAA200BC03BE /* Roomy */ = {
			isa = PBXGroup;
			children = (
				CED66CF524662744005572EE /* Database Layer */,
				CE115943244E334E00A831E5 /* Utilities */,
				CE6B5EE0244011090062DFC3 /* Supporting Files */,
				CE6B5EDF244010940062DFC3 /* Resources */,
				CE6B5EDE244010750062DFC3 /* View */,
				CE6B5EDD2440106C0062DFC3 /* Controller */,
				CE6B5EDC244010580062DFC3 /* Model */,
				CE81859724170835005B3200 /* Fonts */,
				CE2706352415AAA200BC03BE /* AppDelegate.swift */,
			);
			path = Roomy;
			sourceTree = "<group>";
		};
		CE6B5EDC244010580062DFC3 /* Model */ = {
			isa = PBXGroup;
			children = (
				CE0C6784244AF97B00573C03 /* Network Response */,
				CE6B5EE1244011A70062DFC3 /* RoomyAPI.swift */,
			);
			path = Model;
			sourceTree = "<group>";
		};
		CE6B5EDD2440106C0062DFC3 /* Controller */ = {
			isa = PBXGroup;
			children = (
				CED66CEF245219BE005572EE /* RoomsController.swift */,
				CE2706392415AAA200BC03BE /* LoginController.swift */,
				CED66CF12463BB58005572EE /* SignupController.swift */,
				CED66CF3246606C6005572EE /* RoomDetailsViewController.swift */,
			);
			path = Controller;
			sourceTree = "<group>";
		};
		CE6B5EDE244010750062DFC3 /* View */ = {
			isa = PBXGroup;
			children = (
				CED66CE8244F707A005572EE /* Custom Cells */,
				CE1AFA452415C3F300A43465 /* RoundedButton.swift */,
			);
			path = View;
			sourceTree = "<group>";
		};
		CE6B5EDF244010940062DFC3 /* Resources */ = {
			isa = PBXGroup;
			children = (
				CE27063B2415AAA200BC03BE /* Main.storyboard */,
				CE27063E2415AAA300BC03BE /* Assets.xcassets */,
				CE2706402415AAA300BC03BE /* LaunchScreen.storyboard */,
			);
			path = Resources;
			sourceTree = "<group>";
		};
		CE6B5EE0244011090062DFC3 /* Supporting Files */ = {
			isa = PBXGroup;
			children = (
				CE2706432415AAA300BC03BE /* Info.plist */,
			);
			path = "Supporting Files";
			sourceTree = "<group>";
		};
		CE81859724170835005B3200 /* Fonts */ = {
			isa = PBXGroup;
			children = (
				CE51DBB124170CE5002BE76F /* Noe-Display-Bold.ttf */,
				CE51DBB524170F16002BE76F /* Calibre-Regular.otf */,
				CE51DBB724170F2C002BE76F /* CalibreMedium.otf */,
				CE51DBB324170EE0002BE76F /* Calibre-Light.ttf */,
			);
			path = Fonts;
			sourceTree = "<group>";
		};
		CED66CE8244F707A005572EE /* Custom Cells */ = {
			isa = PBXGroup;
			children = (
				CED66CE9244F711A005572EE /* RoomCell.swift */,
				CED66CEA244F711A005572EE /* RoomCell.xib */,
			);
			path = "Custom Cells";
			sourceTree = "<group>";
		};
		CED66CF524662744005572EE /* Database Layer */ = {
			isa = PBXGroup;
			children = (
				CED66CF62466275E005572EE /* RealManager.swift */,
			);
			path = "Database Layer";
			sourceTree = "<group>";
		};
/* End PBXGroup section */

/* Begin PBXNativeTarget section */
		CE2706312415AAA200BC03BE /* Roomy */ = {
			isa = PBXNativeTarget;
			buildConfigurationList = CE2706462415AAA300BC03BE /* Build configuration list for PBXNativeTarget "Roomy" */;
			buildPhases = (
				54BF949B33B203084F86FD55 /* [CP] Check Pods Manifest.lock */,
				CE27062E2415AAA200BC03BE /* Sources */,
				CE27062F2415AAA200BC03BE /* Frameworks */,
				CE2706302415AAA200BC03BE /* Resources */,
				0099CEC2F34744309FDCE308 /* [CP] Embed Pods Frameworks */,
			);
			buildRules = (
			);
			dependencies = (
			);
			name = Roomy;
			productName = Roomy;
			productReference = CE2706322415AAA200BC03BE /* Roomy.app */;
			productType = "com.apple.product-type.application";
		};
/* End PBXNativeTarget section */

/* Begin PBXProject section */
		CE27062A2415AAA200BC03BE /* Project object */ = {
			isa = PBXProject;
			attributes = {
				LastSwiftUpdateCheck = 1130;
				LastUpgradeCheck = 1130;
				ORGANIZATIONNAME = User;
				TargetAttributes = {
					CE2706312415AAA200BC03BE = {
						CreatedOnToolsVersion = 11.3.1;
					};
				};
			};
			buildConfigurationList = CE27062D2415AAA200BC03BE /* Build configuration list for PBXProject "Roomy" */;
			compatibilityVersion = "Xcode 9.3";
			developmentRegion = en;
			hasScannedForEncodings = 0;
			knownRegions = (
				en,
				Base,
			);
			mainGroup = CE2706292415AAA200BC03BE;
			productRefGroup = CE2706332415AAA200BC03BE /* Products */;
			projectDirPath = "";
			projectRoot = "";
			targets = (
				CE2706312415AAA200BC03BE /* Roomy */,
			);
		};
/* End PBXProject section */

/* Begin PBXResourcesBuildPhase section */
		CE2706302415AAA200BC03BE /* Resources */ = {
			isa = PBXResourcesBuildPhase;
			buildActionMask = 2147483647;
			files = (
				CE51DBB424170EE0002BE76F /* Calibre-Light.ttf in Resources */,
				CE2706422415AAA300BC03BE /* LaunchScreen.storyboard in Resources */,
				CED66CEC244F711A005572EE /* RoomCell.xib in Resources */,
				CE27063F2415AAA300BC03BE /* Assets.xcassets in Resources */,
				CE27063D2415AAA200BC03BE /* Main.storyboard in Resources */,
				CE51DBB224170CE5002BE76F /* Noe-Display-Bold.ttf in Resources */,
				CE51DBB624170F16002BE76F /* Calibre-Regular.otf in Resources */,
				CE51DBB824170F2C002BE76F /* CalibreMedium.otf in Resources */,
			);
			runOnlyForDeploymentPostprocessing = 0;
		};
/* End PBXResourcesBuildPhase section */

/* Begin PBXShellScriptBuildPhase section */
		0099CEC2F34744309FDCE308 /* [CP] Embed Pods Frameworks */ = {
			isa = PBXShellScriptBuildPhase;
			buildActionMask = 2147483647;
			files = (
			);
			inputFileListPaths = (
				"${PODS_ROOT}/Target Support Files/Pods-Roomy/Pods-Roomy-frameworks-${CONFIGURATION}-input-files.xcfilelist",
			);
			name = "[CP] Embed Pods Frameworks";
			outputFileListPaths = (
				"${PODS_ROOT}/Target Support Files/Pods-Roomy/Pods-Roomy-frameworks-${CONFIGURATION}-output-files.xcfilelist",
			);
			runOnlyForDeploymentPostprocessing = 0;
			shellPath = /bin/sh;
			shellScript = "\"${PODS_ROOT}/Target Support Files/Pods-Roomy/Pods-Roomy-frameworks.sh\"\n";
			showEnvVarsInLog = 0;
		};
		54BF949B33B203084F86FD55 /* [CP] Check Pods Manifest.lock */ = {
			isa = PBXShellScriptBuildPhase;
			buildActionMask = 2147483647;
			files = (
			);
			inputFileListPaths = (
			);
			inputPaths = (
				"${PODS_PODFILE_DIR_PATH}/Podfile.lock",
				"${PODS_ROOT}/Manifest.lock",
			);
			name = "[CP] Check Pods Manifest.lock";
			outputFileListPaths = (
			);
			outputPaths = (
				"$(DERIVED_FILE_DIR)/Pods-Roomy-checkManifestLockResult.txt",
			);
			runOnlyForDeploymentPostprocessing = 0;
			shellPath = /bin/sh;
			shellScript = "diff \"${PODS_PODFILE_DIR_PATH}/Podfile.lock\" \"${PODS_ROOT}/Manifest.lock\" > /dev/null\nif [ $? != 0 ] ; then\n    # print error to STDERR\n    echo \"error: The sandbox is not in sync with the Podfile.lock. Run 'pod install' or update your CocoaPods installation.\" >&2\n    exit 1\nfi\n# This output is used by Xcode 'outputs' to avoid re-running this script phase.\necho \"SUCCESS\" > \"${SCRIPT_OUTPUT_FILE_0}\"\n";
			showEnvVarsInLog = 0;
		};
/* End PBXShellScriptBuildPhase section */

/* Begin PBXSourcesBuildPhase section */
		CE27062E2415AAA200BC03BE /* Sources */ = {
			isa = PBXSourcesBuildPhase;
			buildActionMask = 2147483647;
			files = (
				CE27063A2415AAA200BC03BE /* LoginController.swift in Sources */,
				CE11594A244E3C5D00A831E5 /* AppManager.swift in Sources */,
				CE6B5EE2244011A70062DFC3 /* RoomyAPI.swift in Sources */,
				CE955FD52443A7A10047734B /* Room.swift in Sources */,
				CED66CF72466275E005572EE /* RealManager.swift in Sources */,
				CED66CF0245219BE005572EE /* RoomsController.swift in Sources */,
				CED66CF22463BB58005572EE /* SignupController.swift in Sources */,
				CE0C6786244AF99B00573C03 /* SignInResponse.swift in Sources */,
				CE115946244E33A900A831E5 /* UIViewController+Extensions.swift in Sources */,
				CED66CEB244F711A005572EE /* RoomCell.swift in Sources */,
				CE2706362415AAA200BC03BE /* AppDelegate.swift in Sources */,
				CE115948244E348B00A831E5 /* UITextField+Extensions.swift in Sources */,
				CE1AFA462415C3F300A43465 /* RoundedButton.swift in Sources */,
				CED66CF4246606C6005572EE /* RoomDetailsViewController.swift in Sources */,
			);
			runOnlyForDeploymentPostprocessing = 0;
		};
/* End PBXSourcesBuildPhase section */

/* Begin PBXVariantGroup section */
		CE27063B2415AAA200BC03BE /* Main.storyboard */ = {
			isa = PBXVariantGroup;
			children = (
				CE27063C2415AAA200BC03BE /* Base */,
			);
			name = Main.storyboard;
			sourceTree = "<group>";
		};
		CE2706402415AAA300BC03BE /* LaunchScreen.storyboard */ = {
			isa = PBXVariantGroup;
			children = (
				CE2706412415AAA300BC03BE /* Base */,
			);
			name = LaunchScreen.storyboard;
			sourceTree = "<group>";
		};
/* End PBXVariantGroup section */

/* Begin XCBuildConfiguration section */
		CE2706442415AAA300BC03BE /* Debug */ = {
			isa = XCBuildConfiguration;
			buildSettings = {
				ALWAYS_SEARCH_USER_PATHS = NO;
				CLANG_ANALYZER_NONNULL = YES;
				CLANG_ANALYZER_NUMBER_OBJECT_CONVERSION = YES_AGGRESSIVE;
				CLANG_CXX_LANGUAGE_STANDARD = "gnu++14";
				CLANG_CXX_LIBRARY = "libc++";
				CLANG_ENABLE_MODULES = YES;
				CLANG_ENABLE_OBJC_ARC = YES;
				CLANG_ENABLE_OBJC_WEAK = YES;
				CLANG_WARN_BLOCK_CAPTURE_AUTORELEASING = YES;
				CLANG_WARN_BOOL_CONVERSION = YES;
				CLANG_WARN_COMMA = YES;
				CLANG_WARN_CONSTANT_CONVERSION = YES;
				CLANG_WARN_DEPRECATED_OBJC_IMPLEMENTATIONS = YES;
				CLANG_WARN_DIRECT_OBJC_ISA_USAGE = YES_ERROR;
				CLANG_WARN_DOCUMENTATION_COMMENTS = YES;
				CLANG_WARN_EMPTY_BODY = YES;
				CLANG_WARN_ENUM_CONVERSION = YES;
				CLANG_WARN_INFINITE_RECURSION = YES;
				CLANG_WARN_INT_CONVERSION = YES;
				CLANG_WARN_NON_LITERAL_NULL_CONVERSION = YES;
				CLANG_WARN_OBJC_IMPLICIT_RETAIN_SELF = YES;
				CLANG_WARN_OBJC_LITERAL_CONVERSION = YES;
				CLANG_WARN_OBJC_ROOT_CLASS = YES_ERROR;
				CLANG_WARN_RANGE_LOOP_ANALYSIS = YES;
				CLANG_WARN_STRICT_PROTOTYPES = YES;
				CLANG_WARN_SUSPICIOUS_MOVE = YES;
				CLANG_WARN_UNGUARDED_AVAILABILITY = YES_AGGRESSIVE;
				CLANG_WARN_UNREACHABLE_CODE = YES;
				CLANG_WARN__DUPLICATE_METHOD_MATCH = YES;
				COPY_PHASE_STRIP = NO;
				DEBUG_INFORMATION_FORMAT = dwarf;
				ENABLE_STRICT_OBJC_MSGSEND = YES;
				ENABLE_TESTABILITY = YES;
				GCC_C_LANGUAGE_STANDARD = gnu11;
				GCC_DYNAMIC_NO_PIC = NO;
				GCC_NO_COMMON_BLOCKS = YES;
				GCC_OPTIMIZATION_LEVEL = 0;
				GCC_PREPROCESSOR_DEFINITIONS = (
					"DEBUG=1",
					"$(inherited)",
				);
				GCC_WARN_64_TO_32_BIT_CONVERSION = YES;
				GCC_WARN_ABOUT_RETURN_TYPE = YES_ERROR;
				GCC_WARN_UNDECLARED_SELECTOR = YES;
				GCC_WARN_UNINITIALIZED_AUTOS = YES_AGGRESSIVE;
				GCC_WARN_UNUSED_FUNCTION = YES;
				GCC_WARN_UNUSED_VARIABLE = YES;
				IPHONEOS_DEPLOYMENT_TARGET = 13.2;
				MTL_ENABLE_DEBUG_INFO = INCLUDE_SOURCE;
				MTL_FAST_MATH = YES;
				ONLY_ACTIVE_ARCH = YES;
				SDKROOT = iphoneos;
				SWIFT_ACTIVE_COMPILATION_CONDITIONS = DEBUG;
				SWIFT_OPTIMIZATION_LEVEL = "-Onone";
			};
			name = Debug;
		};
		CE2706452415AAA300BC03BE /* Release */ = {
			isa = XCBuildConfiguration;
			buildSettings = {
				ALWAYS_SEARCH_USER_PATHS = NO;
				CLANG_ANALYZER_NONNULL = YES;
				CLANG_ANALYZER_NUMBER_OBJECT_CONVERSION = YES_AGGRESSIVE;
				CLANG_CXX_LANGUAGE_STANDARD = "gnu++14";
				CLANG_CXX_LIBRARY = "libc++";
				CLANG_ENABLE_MODULES = YES;
				CLANG_ENABLE_OBJC_ARC = YES;
				CLANG_ENABLE_OBJC_WEAK = YES;
				CLANG_WARN_BLOCK_CAPTURE_AUTORELEASING = YES;
				CLANG_WARN_BOOL_CONVERSION = YES;
				CLANG_WARN_COMMA = YES;
				CLANG_WARN_CONSTANT_CONVERSION = YES;
				CLANG_WARN_DEPRECATED_OBJC_IMPLEMENTATIONS = YES;
				CLANG_WARN_DIRECT_OBJC_ISA_USAGE = YES_ERROR;
				CLANG_WARN_DOCUMENTATION_COMMENTS = YES;
				CLANG_WARN_EMPTY_BODY = YES;
				CLANG_WARN_ENUM_CONVERSION = YES;
				CLANG_WARN_INFINITE_RECURSION = YES;
				CLANG_WARN_INT_CONVERSION = YES;
				CLANG_WARN_NON_LITERAL_NULL_CONVERSION = YES;
				CLANG_WARN_OBJC_IMPLICIT_RETAIN_SELF = YES;
				CLANG_WARN_OBJC_LITERAL_CONVERSION = YES;
				CLANG_WARN_OBJC_ROOT_CLASS = YES_ERROR;
				CLANG_WARN_RANGE_LOOP_ANALYSIS = YES;
				CLANG_WARN_STRICT_PROTOTYPES = YES;
				CLANG_WARN_SUSPICIOUS_MOVE = YES;
				CLANG_WARN_UNGUARDED_AVAILABILITY = YES_AGGRESSIVE;
				CLANG_WARN_UNREACHABLE_CODE = YES;
				CLANG_WARN__DUPLICATE_METHOD_MATCH = YES;
				COPY_PHASE_STRIP = NO;
				DEBUG_INFORMATION_FORMAT = "dwarf-with-dsym";
				ENABLE_NS_ASSERTIONS = NO;
				ENABLE_STRICT_OBJC_MSGSEND = YES;
				GCC_C_LANGUAGE_STANDARD = gnu11;
				GCC_NO_COMMON_BLOCKS = YES;
				GCC_WARN_64_TO_32_BIT_CONVERSION = YES;
				GCC_WARN_ABOUT_RETURN_TYPE = YES_ERROR;
				GCC_WARN_UNDECLARED_SELECTOR = YES;
				GCC_WARN_UNINITIALIZED_AUTOS = YES_AGGRESSIVE;
				GCC_WARN_UNUSED_FUNCTION = YES;
				GCC_WARN_UNUSED_VARIABLE = YES;
				IPHONEOS_DEPLOYMENT_TARGET = 13.2;
				MTL_ENABLE_DEBUG_INFO = NO;
				MTL_FAST_MATH = YES;
				SDKROOT = iphoneos;
				SWIFT_COMPILATION_MODE = wholemodule;
				SWIFT_OPTIMIZATION_LEVEL = "-O";
				VALIDATE_PRODUCT = YES;
			};
			name = Release;
		};
		CE2706472415AAA300BC03BE /* Debug */ = {
			isa = XCBuildConfiguration;
			baseConfigurationReference = 4135460F21F0C19F50C15FA4 /* Pods-Roomy.debug.xcconfig */;
			buildSettings = {
				ASSETCATALOG_COMPILER_APPICON_NAME = AppIcon;
				CODE_SIGN_STYLE = Automatic;
				DEVELOPMENT_TEAM = 6ZZ5YDZA7Z;
				INFOPLIST_FILE = "Roomy/Supporting Files/Info.plist";
				LD_RUNPATH_SEARCH_PATHS = (
					"$(inherited)",
					"@executable_path/Frameworks",
				);
				PRODUCT_BUNDLE_IDENTIFIER = IsaacKaram.Roomy;
				PRODUCT_NAME = "$(TARGET_NAME)";
				SWIFT_VERSION = 5.0;
				TARGETED_DEVICE_FAMILY = "1,2";
			};
			name = Debug;
		};
		CE2706482415AAA300BC03BE /* Release */ = {
			isa = XCBuildConfiguration;
			baseConfigurationReference = AFDEB8856EE7A3A443BD7E9C /* Pods-Roomy.release.xcconfig */;
			buildSettings = {
				ASSETCATALOG_COMPILER_APPICON_NAME = AppIcon;
				CODE_SIGN_STYLE = Automatic;
				DEVELOPMENT_TEAM = 6ZZ5YDZA7Z;
				INFOPLIST_FILE = "Roomy/Supporting Files/Info.plist";
				LD_RUNPATH_SEARCH_PATHS = (
					"$(inherited)",
					"@executable_path/Frameworks",
				);
				PRODUCT_BUNDLE_IDENTIFIER = IsaacKaram.Roomy;
				PRODUCT_NAME = "$(TARGET_NAME)";
				SWIFT_VERSION = 5.0;
				TARGETED_DEVICE_FAMILY = "1,2";
			};
			name = Release;
		};
/* End XCBuildConfiguration section */

/* Begin XCConfigurationList section */
		CE27062D2415AAA200BC03BE /* Build configuration list for PBXProject "Roomy" */ = {
			isa = XCConfigurationList;
			buildConfigurations = (
				CE2706442415AAA300BC03BE /* Debug */,
				CE2706452415AAA300BC03BE /* Release */,
			);
			defaultConfigurationIsVisible = 0;
			defaultConfigurationName = Release;
		};
		CE2706462415AAA300BC03BE /* Build configuration list for PBXNativeTarget "Roomy" */ = {
			isa = XCConfigurationList;
			buildConfigurations = (
				CE2706472415AAA300BC03BE /* Debug */,
				CE2706482415AAA300BC03BE /* Release */,
			);
			defaultConfigurationIsVisible = 0;
			defaultConfigurationName = Release;
		};
/* End XCConfigurationList section */
	};
	rootObject = CE27062A2415AAA200BC03BE /* Project object */;
}
